
Microsoft Visual Studio Solution File, Format Version 9.00
# Visual Studio 2005
Project("{FAE04EC0-301F-11D3-BF4B-00C04F79EFBC}") = "RoltorForm", "roltor\RoltorForm.csproj", "{6143B987-B25F-4291-9DA8-58B41BE67DD7}"
EndProject
Project("{FAE04EC0-301F-11D3-BF4B-00C04F79EFBC}") = "RoltorLib", "roltorLib\RoltorLib.csproj", "{13C499DD-3E2C-446D-901E-F9A4E66AD5A2}"
EndProject
Project("{FAE04EC0-301F-11D3-BF4B-00C04F79EFBC}") = "VDMERLib", "VDMERLib\Source\VDMERLib.csproj", "{BF1ABE04-6C52-4000-B1A3-E6CBDE2899AA}"
EndProject
Global
	GlobalSection(SolutionConfigurationPlatforms) = preSolution
		Debug|Any CPU = Debug|Any CPU
		Release|Any CPU = Release|Any CPU
	EndGlobalSection
	GlobalSection(ProjectConfigurationPlatforms) = postSolution
		{6143B987-B25F-4291-9DA8-58B41BE67DD7}.Debug|Any CPU.ActiveCfg = Debug|Any CPU
		{6143B987-B25F-4291-9DA8-58B41BE67DD7}.Debug|Any CPU.Build.0 = Debug|Any CPU
		{6143B987-B25F-4291-9DA8-58B41BE67DD7}.Release|Any CPU.ActiveCfg = Release|Any CPU
		{6143B987-B25F-4291-9DA8-58B41BE67DD7}.Release|Any CPU.Build.0 = Release|Any CPU
		{13C499DD-3E2C-446D-901E-F9A4E66AD5A2}.Debug|Any CPU.ActiveCfg = Debug|Any CPU
		{13C499DD-3E2C-446D-901E-F9A4E66AD5A2}.Debug|Any CPU.Build.0 = Debug|Any CPU
		{13C499DD-3E2C-446D-901E-F9A4E66AD5A2}.Release|Any CPU.ActiveCfg = Release|Any CPU
		{13C499DD-3E2C-446D-901E-F9A4E66AD5A2}.Release|Any CPU.Build.0 = Release|Any CPU
		{BF1ABE04-6C52-4000-B1A3-E6CBDE2899AA}.Debug|Any CPU.ActiveCfg = Debug|Any CPU
		{BF1ABE04-6C52-4000-B1A3-E6CBDE2899AA}.Debug|Any CPU.Build.0 = Debug|Any CPU
		{BF1ABE04-6C52-4000-B1A3-E6CBDE2899AA}.Release|Any CPU.ActiveCfg = Release|Any CPU
		{BF1ABE04-6C52-4000-B1A3-E6CBDE2899AA}.Release|Any CPU.Build.0 = Release|Any CPU
	EndGlobalSection
	GlobalSection(SolutionProperties) = preSolution
		HideSolutionNode = FALSE
	EndGlobalSection
EndGlobal
